// !$*UTF8*$!
{
	archiveVersion = 1;
	classes = {
	};
	objectVersion = 46;
	objects = {

/* Begin PBXBuildFile section */
		5632FE2EDA10E31815F27252 /* libPods-WikiProTests.a in Frameworks */ = {isa = PBXBuildFile; fileRef = 344CC6D900528423E89E617F /* libPods-WikiProTests.a */; };
		77C447E428D4D1EC1EFEE148 /* libPods-WikiProUITests.a in Frameworks */ = {isa = PBXBuildFile; fileRef = A9CDF2ECD5D4C926E0F9B7D5 /* libPods-WikiProUITests.a */; };
		88F2B8AA1EF443350002CE61 /* main.m in Sources */ = {isa = PBXBuildFile; fileRef = 88F2B8A91EF443350002CE61 /* main.m */; };
		88F2B8AD1EF443350002CE61 /* AppDelegate.m in Sources */ = {isa = PBXBuildFile; fileRef = 88F2B8AC1EF443350002CE61 /* AppDelegate.m */; };
		88F2B8B01EF443350002CE61 /* FirstViewController.m in Sources */ = {isa = PBXBuildFile; fileRef = 88F2B8AF1EF443350002CE61 /* FirstViewController.m */; };
		88F2B8B31EF443350002CE61 /* SecondViewController.m in Sources */ = {isa = PBXBuildFile; fileRef = 88F2B8B21EF443350002CE61 /* SecondViewController.m */; };
		88F2B8B61EF443350002CE61 /* Main.storyboard in Resources */ = {isa = PBXBuildFile; fileRef = 88F2B8B41EF443350002CE61 /* Main.storyboard */; };
		88F2B8B81EF443350002CE61 /* Assets.xcassets in Resources */ = {isa = PBXBuildFile; fileRef = 88F2B8B71EF443350002CE61 /* Assets.xcassets */; };
		88F2B8BB1EF443350002CE61 /* LaunchScreen.storyboard in Resources */ = {isa = PBXBuildFile; fileRef = 88F2B8B91EF443350002CE61 /* LaunchScreen.storyboard */; };
		88F2B8C61EF443350002CE61 /* WikiProTests.m in Sources */ = {isa = PBXBuildFile; fileRef = 88F2B8C51EF443350002CE61 /* WikiProTests.m */; };
		88F2B8D11EF443350002CE61 /* WikiProUITests.m in Sources */ = {isa = PBXBuildFile; fileRef = 88F2B8D01EF443350002CE61 /* WikiProUITests.m */; };
		88F2B8EE1EF447C30002CE61 /* AppLauncher.m in Sources */ = {isa = PBXBuildFile; fileRef = 88F2B8ED1EF447C30002CE61 /* AppLauncher.m */; };
		88F2B9011EF449040002CE61 /* ExploreViewController.m in Sources */ = {isa = PBXBuildFile; fileRef = 88F2B8F41EF449040002CE61 /* ExploreViewController.m */; };
		88F2B9021EF449040002CE61 /* HistoryViewController.m in Sources */ = {isa = PBXBuildFile; fileRef = 88F2B8F71EF449040002CE61 /* HistoryViewController.m */; };
		88F2B9031EF449040002CE61 /* SavedViewController.m in Sources */ = {isa = PBXBuildFile; fileRef = 88F2B8FA1EF449040002CE61 /* SavedViewController.m */; };
		88F2B9041EF449040002CE61 /* SettingsViewController.m in Sources */ = {isa = PBXBuildFile; fileRef = 88F2B8FD1EF449040002CE61 /* SettingsViewController.m */; };
		88F2B9051EF449040002CE61 /* TabViewController.m in Sources */ = {isa = PBXBuildFile; fileRef = 88F2B9001EF449040002CE61 /* TabViewController.m */; };
		88F2B9081EF449180002CE61 /* SettingsCell.m in Sources */ = {isa = PBXBuildFile; fileRef = 88F2B9071EF449180002CE61 /* SettingsCell.m */; };
		88F2B90F1EF45EB10002CE61 /* UIColor+Utils.m in Sources */ = {isa = PBXBuildFile; fileRef = 88F2B90E1EF45EB10002CE61 /* UIColor+Utils.m */; };
		DB46098E5FB987C36BDFB87E /* libPods-WikiPro.a in Frameworks */ = {isa = PBXBuildFile; fileRef = 3556D8A1652049714A97576A /* libPods-WikiPro.a */; };
/* End PBXBuildFile section */

/* Begin PBXContainerItemProxy section */
		88F2B8C21EF443350002CE61 /* PBXContainerItemProxy */ = {
			isa = PBXContainerItemProxy;
			containerPortal = 88F2B89D1EF443350002CE61 /* Project object */;
			proxyType = 1;
			remoteGlobalIDString = 88F2B8A41EF443350002CE61;
			remoteInfo = WikiPro;
		};
		88F2B8CD1EF443350002CE61 /* PBXContainerItemProxy */ = {
			isa = PBXContainerItemProxy;
			containerPortal = 88F2B89D1EF443350002CE61 /* Project object */;
			proxyType = 1;
			remoteGlobalIDString = 88F2B8A41EF443350002CE61;
			remoteInfo = WikiPro;
		};
/* End PBXContainerItemProxy section */

/* Begin PBXFileReference section */
		026E8D2A423EA0F0213BEF6B /* Pods-WikiProTests.debug.xcconfig */ = {isa = PBXFileReference; includeInIndex = 1; lastKnownFileType = text.xcconfig; name = "Pods-WikiProTests.debug.xcconfig"; path = "Pods/Target Support Files/Pods-WikiProTests/Pods-WikiProTests.debug.xcconfig"; sourceTree = "<group>"; };
		344CC6D900528423E89E617F /* libPods-WikiProTests.a */ = {isa = PBXFileReference; explicitFileType = archive.ar; includeInIndex = 0; path = "libPods-WikiProTests.a"; sourceTree = BUILT_PRODUCTS_DIR; };
		3556D8A1652049714A97576A /* libPods-WikiPro.a */ = {isa = PBXFileReference; explicitFileType = archive.ar; includeInIndex = 0; path = "libPods-WikiPro.a"; sourceTree = BUILT_PRODUCTS_DIR; };
		88F2B8A51EF443350002CE61 /* WikiPro.app */ = {isa = PBXFileReference; explicitFileType = wrapper.application; includeInIndex = 0; path = WikiPro.app; sourceTree = BUILT_PRODUCTS_DIR; };
		88F2B8A91EF443350002CE61 /* main.m */ = {isa = PBXFileReference; lastKnownFileType = sourcecode.c.objc; path = main.m; sourceTree = "<group>"; };
		88F2B8AB1EF443350002CE61 /* AppDelegate.h */ = {isa = PBXFileReference; lastKnownFileType = sourcecode.c.h; path = AppDelegate.h; sourceTree = "<group>"; };
		88F2B8AC1EF443350002CE61 /* AppDelegate.m */ = {isa = PBXFileReference; lastKnownFileType = sourcecode.c.objc; path = AppDelegate.m; sourceTree = "<group>"; };
		88F2B8AE1EF443350002CE61 /* FirstViewController.h */ = {isa = PBXFileReference; lastKnownFileType = sourcecode.c.h; path = FirstViewController.h; sourceTree = "<group>"; };
		88F2B8AF1EF443350002CE61 /* FirstViewController.m */ = {isa = PBXFileReference; lastKnownFileType = sourcecode.c.objc; path = FirstViewController.m; sourceTree = "<group>"; };
		88F2B8B11EF443350002CE61 /* SecondViewController.h */ = {isa = PBXFileReference; lastKnownFileType = sourcecode.c.h; path = SecondViewController.h; sourceTree = "<group>"; };
		88F2B8B21EF443350002CE61 /* SecondViewController.m */ = {isa = PBXFileReference; lastKnownFileType = sourcecode.c.objc; path = SecondViewController.m; sourceTree = "<group>"; };
		88F2B8B51EF443350002CE61 /* Base */ = {isa = PBXFileReference; lastKnownFileType = file.storyboard; name = Base; path = Base.lproj/Main.storyboard; sourceTree = "<group>"; };
		88F2B8B71EF443350002CE61 /* Assets.xcassets */ = {isa = PBXFileReference; lastKnownFileType = folder.assetcatalog; path = Assets.xcassets; sourceTree = "<group>"; };
		88F2B8BA1EF443350002CE61 /* Base */ = {isa = PBXFileReference; lastKnownFileType = file.storyboard; name = Base; path = Base.lproj/LaunchScreen.storyboard; sourceTree = "<group>"; };
		88F2B8BC1EF443350002CE61 /* Info.plist */ = {isa = PBXFileReference; lastKnownFileType = text.plist.xml; path = Info.plist; sourceTree = "<group>"; };
		88F2B8C11EF443350002CE61 /* WikiProTests.xctest */ = {isa = PBXFileReference; explicitFileType = wrapper.cfbundle; includeInIndex = 0; path = WikiProTests.xctest; sourceTree = BUILT_PRODUCTS_DIR; };
		88F2B8C51EF443350002CE61 /* WikiProTests.m */ = {isa = PBXFileReference; lastKnownFileType = sourcecode.c.objc; path = WikiProTests.m; sourceTree = "<group>"; };
		88F2B8C71EF443350002CE61 /* Info.plist */ = {isa = PBXFileReference; lastKnownFileType = text.plist.xml; path = Info.plist; sourceTree = "<group>"; };
		88F2B8CC1EF443350002CE61 /* WikiProUITests.xctest */ = {isa = PBXFileReference; explicitFileType = wrapper.cfbundle; includeInIndex = 0; path = WikiProUITests.xctest; sourceTree = BUILT_PRODUCTS_DIR; };
		88F2B8D01EF443350002CE61 /* WikiProUITests.m */ = {isa = PBXFileReference; lastKnownFileType = sourcecode.c.objc; path = WikiProUITests.m; sourceTree = "<group>"; };
		88F2B8D21EF443350002CE61 /* Info.plist */ = {isa = PBXFileReference; lastKnownFileType = text.plist.xml; path = Info.plist; sourceTree = "<group>"; };
		88F2B8EC1EF447C30002CE61 /* AppLauncher.h */ = {isa = PBXFileReference; fileEncoding = 4; lastKnownFileType = sourcecode.c.h; path = AppLauncher.h; sourceTree = "<group>"; };
		88F2B8ED1EF447C30002CE61 /* AppLauncher.m */ = {isa = PBXFileReference; fileEncoding = 4; lastKnownFileType = sourcecode.c.objc; path = AppLauncher.m; sourceTree = "<group>"; };
		88F2B8F31EF449040002CE61 /* ExploreViewController.h */ = {isa = PBXFileReference; fileEncoding = 4; lastKnownFileType = sourcecode.c.h; path = ExploreViewController.h; sourceTree = "<group>"; };
		88F2B8F41EF449040002CE61 /* ExploreViewController.m */ = {isa = PBXFileReference; fileEncoding = 4; lastKnownFileType = sourcecode.c.objc; path = ExploreViewController.m; sourceTree = "<group>"; };
		88F2B8F61EF449040002CE61 /* HistoryViewController.h */ = {isa = PBXFileReference; fileEncoding = 4; lastKnownFileType = sourcecode.c.h; path = HistoryViewController.h; sourceTree = "<group>"; };
		88F2B8F71EF449040002CE61 /* HistoryViewController.m */ = {isa = PBXFileReference; fileEncoding = 4; lastKnownFileType = sourcecode.c.objc; path = HistoryViewController.m; sourceTree = "<group>"; };
		88F2B8F91EF449040002CE61 /* SavedViewController.h */ = {isa = PBXFileReference; fileEncoding = 4; lastKnownFileType = sourcecode.c.h; path = SavedViewController.h; sourceTree = "<group>"; };
		88F2B8FA1EF449040002CE61 /* SavedViewController.m */ = {isa = PBXFileReference; fileEncoding = 4; lastKnownFileType = sourcecode.c.objc; path = SavedViewController.m; sourceTree = "<group>"; };
		88F2B8FC1EF449040002CE61 /* SettingsViewController.h */ = {isa = PBXFileReference; fileEncoding = 4; lastKnownFileType = sourcecode.c.h; path = SettingsViewController.h; sourceTree = "<group>"; };
		88F2B8FD1EF449040002CE61 /* SettingsViewController.m */ = {isa = PBXFileReference; fileEncoding = 4; lastKnownFileType = sourcecode.c.objc; path = SettingsViewController.m; sourceTree = "<group>"; };
		88F2B8FF1EF449040002CE61 /* TabViewController.h */ = {isa = PBXFileReference; fileEncoding = 4; lastKnownFileType = sourcecode.c.h; path = TabViewController.h; sourceTree = "<group>"; };
		88F2B9001EF449040002CE61 /* TabViewController.m */ = {isa = PBXFileReference; fileEncoding = 4; lastKnownFileType = sourcecode.c.objc; path = TabViewController.m; sourceTree = "<group>"; };
		88F2B9061EF449180002CE61 /* SettingsCell.h */ = {isa = PBXFileReference; fileEncoding = 4; lastKnownFileType = sourcecode.c.h; path = SettingsCell.h; sourceTree = "<group>"; };
		88F2B9071EF449180002CE61 /* SettingsCell.m */ = {isa = PBXFileReference; fileEncoding = 4; lastKnownFileType = sourcecode.c.objc; path = SettingsCell.m; sourceTree = "<group>"; };
		88F2B90D1EF45EB10002CE61 /* UIColor+Utils.h */ = {isa = PBXFileReference; fileEncoding = 4; lastKnownFileType = sourcecode.c.h; path = "UIColor+Utils.h"; sourceTree = "<group>"; };
		88F2B90E1EF45EB10002CE61 /* UIColor+Utils.m */ = {isa = PBXFileReference; fileEncoding = 4; lastKnownFileType = sourcecode.c.objc; path = "UIColor+Utils.m"; sourceTree = "<group>"; };
		8D3866DDDBC0331ECB8352D5 /* Pods-WikiPro.debug.xcconfig */ = {isa = PBXFileReference; includeInIndex = 1; lastKnownFileType = text.xcconfig; name = "Pods-WikiPro.debug.xcconfig"; path = "Pods/Target Support Files/Pods-WikiPro/Pods-WikiPro.debug.xcconfig"; sourceTree = "<group>"; };
		94E9DFA3136FAF96F85C0A74 /* Pods-WikiPro.release.xcconfig */ = {isa = PBXFileReference; includeInIndex = 1; lastKnownFileType = text.xcconfig; name = "Pods-WikiPro.release.xcconfig"; path = "Pods/Target Support Files/Pods-WikiPro/Pods-WikiPro.release.xcconfig"; sourceTree = "<group>"; };
		A53BEC41310626869BDF2A5E /* Pods-WikiProUITests.debug.xcconfig */ = {isa = PBXFileReference; includeInIndex = 1; lastKnownFileType = text.xcconfig; name = "Pods-WikiProUITests.debug.xcconfig"; path = "Pods/Target Support Files/Pods-WikiProUITests/Pods-WikiProUITests.debug.xcconfig"; sourceTree = "<group>"; };
		A9CDF2ECD5D4C926E0F9B7D5 /* libPods-WikiProUITests.a */ = {isa = PBXFileReference; explicitFileType = archive.ar; includeInIndex = 0; path = "libPods-WikiProUITests.a"; sourceTree = BUILT_PRODUCTS_DIR; };
		B3774920ACF4909C3370F230 /* Pods-WikiProUITests.release.xcconfig */ = {isa = PBXFileReference; includeInIndex = 1; lastKnownFileType = text.xcconfig; name = "Pods-WikiProUITests.release.xcconfig"; path = "Pods/Target Support Files/Pods-WikiProUITests/Pods-WikiProUITests.release.xcconfig"; sourceTree = "<group>"; };
		EE2BC57A2A314CFF20D1B652 /* Pods-WikiProTests.release.xcconfig */ = {isa = PBXFileReference; includeInIndex = 1; lastKnownFileType = text.xcconfig; name = "Pods-WikiProTests.release.xcconfig"; path = "Pods/Target Support Files/Pods-WikiProTests/Pods-WikiProTests.release.xcconfig"; sourceTree = "<group>"; };
/* End PBXFileReference section */

/* Begin PBXFrameworksBuildPhase section */
		88F2B8A21EF443350002CE61 /* Frameworks */ = {
			isa = PBXFrameworksBuildPhase;
			buildActionMask = 2147483647;
			files = (
				DB46098E5FB987C36BDFB87E /* libPods-WikiPro.a in Frameworks */,
			);
			runOnlyForDeploymentPostprocessing = 0;
		};
		88F2B8BE1EF443350002CE61 /* Frameworks */ = {
			isa = PBXFrameworksBuildPhase;
			buildActionMask = 2147483647;
			files = (
				5632FE2EDA10E31815F27252 /* libPods-WikiProTests.a in Frameworks */,
			);
			runOnlyForDeploymentPostprocessing = 0;
		};
		88F2B8C91EF443350002CE61 /* Frameworks */ = {
			isa = PBXFrameworksBuildPhase;
			buildActionMask = 2147483647;
			files = (
				77C447E428D4D1EC1EFEE148 /* libPods-WikiProUITests.a in Frameworks */,
			);
			runOnlyForDeploymentPostprocessing = 0;
		};
/* End PBXFrameworksBuildPhase section */

/* Begin PBXGroup section */
		748CC1AFD8961FFAFE4A3D81 /* Frameworks */ = {
			isa = PBXGroup;
			children = (
				3556D8A1652049714A97576A /* libPods-WikiPro.a */,
				344CC6D900528423E89E617F /* libPods-WikiProTests.a */,
				A9CDF2ECD5D4C926E0F9B7D5 /* libPods-WikiProUITests.a */,
			);
			name = Frameworks;
			sourceTree = "<group>";
		};
		88F2B89C1EF443350002CE61 = {
			isa = PBXGroup;
			children = (
				88F2B8A71EF443350002CE61 /* WikiPro */,
				88F2B8C41EF443350002CE61 /* WikiProTests */,
				88F2B8CF1EF443350002CE61 /* WikiProUITests */,
				88F2B8A61EF443350002CE61 /* Products */,
				91406A0C6BABE784F475362A /* Pods */,
				748CC1AFD8961FFAFE4A3D81 /* Frameworks */,
			);
			sourceTree = "<group>";
		};
		88F2B8A61EF443350002CE61 /* Products */ = {
			isa = PBXGroup;
			children = (
				88F2B8A51EF443350002CE61 /* WikiPro.app */,
				88F2B8C11EF443350002CE61 /* WikiProTests.xctest */,
				88F2B8CC1EF443350002CE61 /* WikiProUITests.xctest */,
			);
			name = Products;
			sourceTree = "<group>";
		};
		88F2B8A71EF443350002CE61 /* WikiPro */ = {
			isa = PBXGroup;
			children = (
				88F2B90C1EF45EB10002CE61 /* Categories */,
				88F2B8EB1EF4479C0002CE61 /* Managers */,
				88F2B8DE1EF446730002CE61 /* ViewControllers */,
				88F2B8AB1EF443350002CE61 /* AppDelegate.h */,
				88F2B8AC1EF443350002CE61 /* AppDelegate.m */,
				88F2B8AE1EF443350002CE61 /* FirstViewController.h */,
				88F2B8AF1EF443350002CE61 /* FirstViewController.m */,
				88F2B8B11EF443350002CE61 /* SecondViewController.h */,
				88F2B8B21EF443350002CE61 /* SecondViewController.m */,
				88F2B8B41EF443350002CE61 /* Main.storyboard */,
				88F2B8B71EF443350002CE61 /* Assets.xcassets */,
				88F2B8B91EF443350002CE61 /* LaunchScreen.storyboard */,
				88F2B8BC1EF443350002CE61 /* Info.plist */,
				88F2B8A81EF443350002CE61 /* Supporting Files */,
			);
			path = WikiPro;
			sourceTree = "<group>";
		};
		88F2B8A81EF443350002CE61 /* Supporting Files */ = {
			isa = PBXGroup;
			children = (
				88F2B8A91EF443350002CE61 /* main.m */,
			);
			name = "Supporting Files";
			sourceTree = "<group>";
		};
		88F2B8C41EF443350002CE61 /* WikiProTests */ = {
			isa = PBXGroup;
			children = (
				88F2B8C51EF443350002CE61 /* WikiProTests.m */,
				88F2B8C71EF443350002CE61 /* Info.plist */,
			);
			path = WikiProTests;
			sourceTree = "<group>";
		};
		88F2B8CF1EF443350002CE61 /* WikiProUITests */ = {
			isa = PBXGroup;
			children = (
				88F2B8D01EF443350002CE61 /* WikiProUITests.m */,
				88F2B8D21EF443350002CE61 /* Info.plist */,
			);
			path = WikiProUITests;
			sourceTree = "<group>";
		};
		88F2B8DE1EF446730002CE61 /* ViewControllers */ = {
			isa = PBXGroup;
			children = (
				88F2B8F21EF449040002CE61 /* Explore */,
				88F2B8F51EF449040002CE61 /* History */,
				88F2B8F81EF449040002CE61 /* Saved */,
				88F2B8FB1EF449040002CE61 /* Settings */,
				88F2B8FE1EF449040002CE61 /* Tabbar */,
			);
			path = ViewControllers;
			sourceTree = "<group>";
		};
		88F2B8EB1EF4479C0002CE61 /* Managers */ = {
			isa = PBXGroup;
			children = (
				88F2B8EC1EF447C30002CE61 /* AppLauncher.h */,
				88F2B8ED1EF447C30002CE61 /* AppLauncher.m */,
			);
			path = Managers;
			sourceTree = "<group>";
		};
		88F2B8F21EF449040002CE61 /* Explore */ = {
			isa = PBXGroup;
			children = (
				88F2B8F31EF449040002CE61 /* ExploreViewController.h */,
				88F2B8F41EF449040002CE61 /* ExploreViewController.m */,
			);
			path = Explore;
			sourceTree = "<group>";
		};
		88F2B8F51EF449040002CE61 /* History */ = {
			isa = PBXGroup;
			children = (
				88F2B8F61EF449040002CE61 /* HistoryViewController.h */,
				88F2B8F71EF449040002CE61 /* HistoryViewController.m */,
			);
			path = History;
			sourceTree = "<group>";
		};
		88F2B8F81EF449040002CE61 /* Saved */ = {
			isa = PBXGroup;
			children = (
				88F2B8F91EF449040002CE61 /* SavedViewController.h */,
				88F2B8FA1EF449040002CE61 /* SavedViewController.m */,
			);
			path = Saved;
			sourceTree = "<group>";
		};
		88F2B8FB1EF449040002CE61 /* Settings */ = {
			isa = PBXGroup;
			children = (
				88F2B8FC1EF449040002CE61 /* SettingsViewController.h */,
				88F2B8FD1EF449040002CE61 /* SettingsViewController.m */,
				88F2B9061EF449180002CE61 /* SettingsCell.h */,
				88F2B9071EF449180002CE61 /* SettingsCell.m */,
			);
			path = Settings;
			sourceTree = "<group>";
		};
		88F2B8FE1EF449040002CE61 /* Tabbar */ = {
			isa = PBXGroup;
			children = (
				88F2B8FF1EF449040002CE61 /* TabViewController.h */,
				88F2B9001EF449040002CE61 /* TabViewController.m */,
			);
			path = Tabbar;
			sourceTree = "<group>";
		};
		88F2B90C1EF45EB10002CE61 /* Categories */ = {
			isa = PBXGroup;
			children = (
				88F2B90D1EF45EB10002CE61 /* UIColor+Utils.h */,
				88F2B90E1EF45EB10002CE61 /* UIColor+Utils.m */,
			);
			path = Categories;
			sourceTree = "<group>";
		};
		91406A0C6BABE784F475362A /* Pods */ = {
			isa = PBXGroup;
			children = (
				8D3866DDDBC0331ECB8352D5 /* Pods-WikiPro.debug.xcconfig */,
				94E9DFA3136FAF96F85C0A74 /* Pods-WikiPro.release.xcconfig */,
				026E8D2A423EA0F0213BEF6B /* Pods-WikiProTests.debug.xcconfig */,
				EE2BC57A2A314CFF20D1B652 /* Pods-WikiProTests.release.xcconfig */,
				A53BEC41310626869BDF2A5E /* Pods-WikiProUITests.debug.xcconfig */,
				B3774920ACF4909C3370F230 /* Pods-WikiProUITests.release.xcconfig */,
			);
			name = Pods;
			sourceTree = "<group>";
		};
/* End PBXGroup section */

/* Begin PBXNativeTarget section */
		88F2B8A41EF443350002CE61 /* WikiPro */ = {
			isa = PBXNativeTarget;
			buildConfigurationList = 88F2B8D51EF443350002CE61 /* Build configuration list for PBXNativeTarget "WikiPro" */;
			buildPhases = (
				6818C2D27EB8C43C7E2FCEFE /* [CP] Check Pods Manifest.lock */,
				88F2B8A11EF443350002CE61 /* Sources */,
				88F2B8A21EF443350002CE61 /* Frameworks */,
				88F2B8A31EF443350002CE61 /* Resources */,
				0586147A0EA64F60AFEB3B37 /* [CP] Embed Pods Frameworks */,
				D4A002F26BEFD2FB4D1BD54F /* [CP] Copy Pods Resources */,
			);
			buildRules = (
			);
			dependencies = (
			);
			name = WikiPro;
			productName = WikiPro;
			productReference = 88F2B8A51EF443350002CE61 /* WikiPro.app */;
			productType = "com.apple.product-type.application";
		};
		88F2B8C01EF443350002CE61 /* WikiProTests */ = {
			isa = PBXNativeTarget;
			buildConfigurationList = 88F2B8D81EF443350002CE61 /* Build configuration list for PBXNativeTarget "WikiProTests" */;
			buildPhases = (
				500BEE50084748BA3B7EA469 /* [CP] Check Pods Manifest.lock */,
				88F2B8BD1EF443350002CE61 /* Sources */,
				88F2B8BE1EF443350002CE61 /* Frameworks */,
				88F2B8BF1EF443350002CE61 /* Resources */,
				C880928F708EE7AC7AC6F78C /* [CP] Embed Pods Frameworks */,
				418ADCED2AB88595253D0CC2 /* [CP] Copy Pods Resources */,
			);
			buildRules = (
			);
			dependencies = (
				88F2B8C31EF443350002CE61 /* PBXTargetDependency */,
			);
			name = WikiProTests;
			productName = WikiProTests;
			productReference = 88F2B8C11EF443350002CE61 /* WikiProTests.xctest */;
			productType = "com.apple.product-type.bundle.unit-test";
		};
		88F2B8CB1EF443350002CE61 /* WikiProUITests */ = {
			isa = PBXNativeTarget;
			buildConfigurationList = 88F2B8DB1EF443350002CE61 /* Build configuration list for PBXNativeTarget "WikiProUITests" */;
			buildPhases = (
				977F0384964D06C8848A3521 /* [CP] Check Pods Manifest.lock */,
				88F2B8C81EF443350002CE61 /* Sources */,
				88F2B8C91EF443350002CE61 /* Frameworks */,
				88F2B8CA1EF443350002CE61 /* Resources */,
				B68CA9B91350E72CF070D6DC /* [CP] Embed Pods Frameworks */,
				0354A59D6A33D1B53B451844 /* [CP] Copy Pods Resources */,
			);
			buildRules = (
			);
			dependencies = (
				88F2B8CE1EF443350002CE61 /* PBXTargetDependency */,
			);
			name = WikiProUITests;
			productName = WikiProUITests;
			productReference = 88F2B8CC1EF443350002CE61 /* WikiProUITests.xctest */;
			productType = "com.apple.product-type.bundle.ui-testing";
		};
/* End PBXNativeTarget section */

/* Begin PBXProject section */
		88F2B89D1EF443350002CE61 /* Project object */ = {
			isa = PBXProject;
			attributes = {
				LastUpgradeCheck = 0830;
				ORGANIZATIONNAME = iqtech;
				TargetAttributes = {
					88F2B8A41EF443350002CE61 = {
						CreatedOnToolsVersion = 8.3.2;
						DevelopmentTeam = RS9ZBZ6GCU;
						ProvisioningStyle = Automatic;
					};
					88F2B8C01EF443350002CE61 = {
						CreatedOnToolsVersion = 8.3.2;
						DevelopmentTeam = RS9ZBZ6GCU;
						ProvisioningStyle = Automatic;
						TestTargetID = 88F2B8A41EF443350002CE61;
					};
					88F2B8CB1EF443350002CE61 = {
						CreatedOnToolsVersion = 8.3.2;
						DevelopmentTeam = RS9ZBZ6GCU;
						ProvisioningStyle = Automatic;
						TestTargetID = 88F2B8A41EF443350002CE61;
					};
				};
			};
			buildConfigurationList = 88F2B8A01EF443350002CE61 /* Build configuration list for PBXProject "WikiPro" */;
			compatibilityVersion = "Xcode 3.2";
			developmentRegion = English;
			hasScannedForEncodings = 0;
			knownRegions = (
				en,
				Base,
			);
			mainGroup = 88F2B89C1EF443350002CE61;
			productRefGroup = 88F2B8A61EF443350002CE61 /* Products */;
			projectDirPath = "";
			projectRoot = "";
			targets = (
				88F2B8A41EF443350002CE61 /* WikiPro */,
				88F2B8C01EF443350002CE61 /* WikiProTests */,
				88F2B8CB1EF443350002CE61 /* WikiProUITests */,
			);
		};
/* End PBXProject section */

/* Begin PBXResourcesBuildPhase section */
		88F2B8A31EF443350002CE61 /* Resources */ = {
			isa = PBXResourcesBuildPhase;
			buildActionMask = 2147483647;
			files = (
				88F2B8BB1EF443350002CE61 /* LaunchScreen.storyboard in Resources */,
				88F2B8B81EF443350002CE61 /* Assets.xcassets in Resources */,
				88F2B8B61EF443350002CE61 /* Main.storyboard in Resources */,
			);
			runOnlyForDeploymentPostprocessing = 0;
		};
		88F2B8BF1EF443350002CE61 /* Resources */ = {
			isa = PBXResourcesBuildPhase;
			buildActionMask = 2147483647;
			files = (
			);
			runOnlyForDeploymentPostprocessing = 0;
		};
		88F2B8CA1EF443350002CE61 /* Resources */ = {
			isa = PBXResourcesBuildPhase;
			buildActionMask = 2147483647;
			files = (
			);
			runOnlyForDeploymentPostprocessing = 0;
		};
/* End PBXResourcesBuildPhase section */

/* Begin PBXShellScriptBuildPhase section */
		0354A59D6A33D1B53B451844 /* [CP] Copy Pods Resources */ = {
			isa = PBXShellScriptBuildPhase;
			buildActionMask = 2147483647;
			files = (
			);
			inputPaths = (
			);
			name = "[CP] Copy Pods Resources";
			outputPaths = (
			);
			runOnlyForDeploymentPostprocessing = 0;
			shellPath = /bin/sh;
			shellScript = "\"${SRCROOT}/Pods/Target Support Files/Pods-WikiProUITests/Pods-WikiProUITests-resources.sh\"\n";
			showEnvVarsInLog = 0;
		};
		0586147A0EA64F60AFEB3B37 /* [CP] Embed Pods Frameworks */ = {
			isa = PBXShellScriptBuildPhase;
			buildActionMask = 2147483647;
			files = (
			);
			inputPaths = (
			);
			name = "[CP] Embed Pods Frameworks";
			outputPaths = (
			);
			runOnlyForDeploymentPostprocessing = 0;
			shellPath = /bin/sh;
			shellScript = "\"${SRCROOT}/Pods/Target Support Files/Pods-WikiPro/Pods-WikiPro-frameworks.sh\"\n";
			showEnvVarsInLog = 0;
		};
		418ADCED2AB88595253D0CC2 /* [CP] Copy Pods Resources */ = {
			isa = PBXShellScriptBuildPhase;
			buildActionMask = 2147483647;
			files = (
			);
			inputPaths = (
			);
			name = "[CP] Copy Pods Resources";
			outputPaths = (
			);
			runOnlyForDeploymentPostprocessing = 0;
			shellPath = /bin/sh;
			shellScript = "\"${SRCROOT}/Pods/Target Support Files/Pods-WikiProTests/Pods-WikiProTests-resources.sh\"\n";
			showEnvVarsInLog = 0;
		};
		500BEE50084748BA3B7EA469 /* [CP] Check Pods Manifest.lock */ = {
			isa = PBXShellScriptBuildPhase;
			buildActionMask = 2147483647;
			files = (
			);
			inputPaths = (
			);
			name = "[CP] Check Pods Manifest.lock";
			outputPaths = (
			);
			runOnlyForDeploymentPostprocessing = 0;
			shellPath = /bin/sh;
			shellScript = "diff \"${PODS_ROOT}/../Podfile.lock\" \"${PODS_ROOT}/Manifest.lock\" > /dev/null\nif [ $? != 0 ] ; then\n    # print error to STDERR\n    echo \"error: The sandbox is not in sync with the Podfile.lock. Run 'pod install' or update your CocoaPods installation.\" >&2\n    exit 1\nfi\n";
			showEnvVarsInLog = 0;
		};
		6818C2D27EB8C43C7E2FCEFE /* [CP] Check Pods Manifest.lock */ = {
			isa = PBXShellScriptBuildPhase;
			buildActionMask = 2147483647;
			files = (
			);
			inputPaths = (
			);
			name = "[CP] Check Pods Manifest.lock";
			outputPaths = (
			);
			runOnlyForDeploymentPostprocessing = 0;
			shellPath = /bin/sh;
			shellScript = "diff \"${PODS_ROOT}/../Podfile.lock\" \"${PODS_ROOT}/Manifest.lock\" > /dev/null\nif [ $? != 0 ] ; then\n    # print error to STDERR\n    echo \"error: The sandbox is not in sync with the Podfile.lock. Run 'pod install' or update your CocoaPods installation.\" >&2\n    exit 1\nfi\n";
			showEnvVarsInLog = 0;
		};
		977F0384964D06C8848A3521 /* [CP] Check Pods Manifest.lock */ = {
			isa = PBXShellScriptBuildPhase;
			buildActionMask = 2147483647;
			files = (
			);
			inputPaths = (
			);
			name = "[CP] Check Pods Manifest.lock";
			outputPaths = (
			);
			runOnlyForDeploymentPostprocessing = 0;
			shellPath = /bin/sh;
			shellScript = "diff \"${PODS_ROOT}/../Podfile.lock\" \"${PODS_ROOT}/Manifest.lock\" > /dev/null\nif [ $? != 0 ] ; then\n    # print error to STDERR\n    echo \"error: The sandbox is not in sync with the Podfile.lock. Run 'pod install' or update your CocoaPods installation.\" >&2\n    exit 1\nfi\n";
			showEnvVarsInLog = 0;
		};
		B68CA9B91350E72CF070D6DC /* [CP] Embed Pods Frameworks */ = {
			isa = PBXShellScriptBuildPhase;
			buildActionMask = 2147483647;
			files = (
			);
			inputPaths = (
			);
			name = "[CP] Embed Pods Frameworks";
			outputPaths = (
			);
			runOnlyForDeploymentPostprocessing = 0;
			shellPath = /bin/sh;
			shellScript = "\"${SRCROOT}/Pods/Target Support Files/Pods-WikiProUITests/Pods-WikiProUITests-frameworks.sh\"\n";
			showEnvVarsInLog = 0;
		};
		C880928F708EE7AC7AC6F78C /* [CP] Embed Pods Frameworks */ = {
			isa = PBXShellScriptBuildPhase;
			buildActionMask = 2147483647;
			files = (
			);
			inputPaths = (
			);
			name = "[CP] Embed Pods Frameworks";
			outputPaths = (
			);
			runOnlyForDeploymentPostprocessing = 0;
			shellPath = /bin/sh;
			shellScript = "\"${SRCROOT}/Pods/Target Support Files/Pods-WikiProTests/Pods-WikiProTests-frameworks.sh\"\n";
			showEnvVarsInLog = 0;
		};
		D4A002F26BEFD2FB4D1BD54F /* [CP] Copy Pods Resources */ = {
			isa = PBXShellScriptBuildPhase;
			buildActionMask = 2147483647;
			files = (
			);
			inputPaths = (
			);
			name = "[CP] Copy Pods Resources";
			outputPaths = (
			);
			runOnlyForDeploymentPostprocessing = 0;
			shellPath = /bin/sh;
			shellScript = "\"${SRCROOT}/Pods/Target Support Files/Pods-WikiPro/Pods-WikiPro-resources.sh\"\n";
			showEnvVarsInLog = 0;
		};
/* End PBXShellScriptBuildPhase section */

/* Begin PBXSourcesBuildPhase section */
		88F2B8A11EF443350002CE61 /* Sources */ = {
			isa = PBXSourcesBuildPhase;
			buildActionMask = 2147483647;
			files = (
				88F2B8EE1EF447C30002CE61 /* AppLauncher.m in Sources */,
				88F2B8B31EF443350002CE61 /* SecondViewController.m in Sources */,
				88F2B9031EF449040002CE61 /* SavedViewController.m in Sources */,
				88F2B9041EF449040002CE61 /* SettingsViewController.m in Sources */,
				88F2B9051EF449040002CE61 /* TabViewController.m in Sources */,
				88F2B8AD1EF443350002CE61 /* AppDelegate.m in Sources */,
				88F2B9081EF449180002CE61 /* SettingsCell.m in Sources */,
				88F2B90F1EF45EB10002CE61 /* UIColor+Utils.m in Sources */,
				88F2B8B01EF443350002CE61 /* FirstViewController.m in Sources */,
				88F2B9011EF449040002CE61 /* ExploreViewController.m in Sources */,
				88F2B9021EF449040002CE61 /* HistoryViewController.m in Sources */,
				88F2B8AA1EF443350002CE61 /* main.m in Sources */,
			);
			runOnlyForDeploymentPostprocessing = 0;
		};
		88F2B8BD1EF443350002CE61 /* Sources */ = {
			isa = PBXSourcesBuildPhase;
			buildActionMask = 2147483647;
			files = (
				88F2B8C61EF443350002CE61 /* WikiProTests.m in Sources */,
			);
			runOnlyForDeploymentPostprocessing = 0;
		};
		88F2B8C81EF443350002CE61 /* Sources */ = {
			isa = PBXSourcesBuildPhase;
			buildActionMask = 2147483647;
			files = (
				88F2B8D11EF443350002CE61 /* WikiProUITests.m in Sources */,
			);
			runOnlyForDeploymentPostprocessing = 0;
		};
/* End PBXSourcesBuildPhase section */

/* Begin PBXTargetDependency section */
		88F2B8C31EF443350002CE61 /* PBXTargetDependency */ = {
			isa = PBXTargetDependency;
			target = 88F2B8A41EF443350002CE61 /* WikiPro */;
			targetProxy = 88F2B8C21EF443350002CE61 /* PBXContainerItemProxy */;
		};
		88F2B8CE1EF443350002CE61 /* PBXTargetDependency */ = {
			isa = PBXTargetDependency;
			target = 88F2B8A41EF443350002CE61 /* WikiPro */;
			targetProxy = 88F2B8CD1EF443350002CE61 /* PBXContainerItemProxy */;
		};
/* End PBXTargetDependency section */

/* Begin PBXVariantGroup section */
		88F2B8B41EF443350002CE61 /* Main.storyboard */ = {
			isa = PBXVariantGroup;
			children = (
				88F2B8B51EF443350002CE61 /* Base */,
			);
			name = Main.storyboard;
			sourceTree = "<group>";
		};
		88F2B8B91EF443350002CE61 /* LaunchScreen.storyboard */ = {
			isa = PBXVariantGroup;
			children = (
				88F2B8BA1EF443350002CE61 /* Base */,
			);
			name = LaunchScreen.storyboard;
			sourceTree = "<group>";
		};
/* End PBXVariantGroup section */

/* Begin XCBuildConfiguration section */
		88F2B8D31EF443350002CE61 /* Debug */ = {
			isa = XCBuildConfiguration;
			buildSettings = {
				ALWAYS_SEARCH_USER_PATHS = NO;
				CLANG_ANALYZER_NONNULL = YES;
				CLANG_ANALYZER_NUMBER_OBJECT_CONVERSION = YES_AGGRESSIVE;
				CLANG_CXX_LANGUAGE_STANDARD = "gnu++0x";
				CLANG_CXX_LIBRARY = "libc++";
				CLANG_ENABLE_MODULES = YES;
				CLANG_ENABLE_OBJC_ARC = YES;
				CLANG_WARN_BOOL_CONVERSION = YES;
				CLANG_WARN_CONSTANT_CONVERSION = YES;
				CLANG_WARN_DIRECT_OBJC_ISA_USAGE = YES_ERROR;
				CLANG_WARN_DOCUMENTATION_COMMENTS = YES;
				CLANG_WARN_EMPTY_BODY = YES;
				CLANG_WARN_ENUM_CONVERSION = YES;
				CLANG_WARN_INFINITE_RECURSION = YES;
				CLANG_WARN_INT_CONVERSION = YES;
				CLANG_WARN_OBJC_ROOT_CLASS = YES_ERROR;
				CLANG_WARN_SUSPICIOUS_MOVE = YES;
				CLANG_WARN_UNREACHABLE_CODE = YES;
				CLANG_WARN__DUPLICATE_METHOD_MATCH = YES;
				"CODE_SIGN_IDENTITY[sdk=iphoneos*]" = "iPhone Developer";
				COPY_PHASE_STRIP = NO;
				DEBUG_INFORMATION_FORMAT = dwarf;
				ENABLE_STRICT_OBJC_MSGSEND = YES;
				ENABLE_TESTABILITY = YES;
				GCC_C_LANGUAGE_STANDARD = gnu99;
				GCC_DYNAMIC_NO_PIC = NO;
				GCC_NO_COMMON_BLOCKS = YES;
				GCC_OPTIMIZATION_LEVEL = 0;
				GCC_PREPROCESSOR_DEFINITIONS = (
					"DEBUG=1",
					"$(inherited)",
				);
				GCC_WARN_64_TO_32_BIT_CONVERSION = YES;
				GCC_WARN_ABOUT_RETURN_TYPE = YES_ERROR;
				GCC_WARN_UNDECLARED_SELECTOR = YES;
				GCC_WARN_UNINITIALIZED_AUTOS = YES_AGGRESSIVE;
				GCC_WARN_UNUSED_FUNCTION = YES;
				GCC_WARN_UNUSED_VARIABLE = YES;
				IPHONEOS_DEPLOYMENT_TARGET = 10.3;
				MTL_ENABLE_DEBUG_INFO = YES;
				ONLY_ACTIVE_ARCH = YES;
				SDKROOT = iphoneos;
				TARGETED_DEVICE_FAMILY = "1,2";
			};
			name = Debug;
		};
		88F2B8D41EF443350002CE61 /* Release */ = {
			isa = XCBuildConfiguration;
			buildSettings = {
				ALWAYS_SEARCH_USER_PATHS = NO;
				CLANG_ANALYZER_NONNULL = YES;
				CLANG_ANALYZER_NUMBER_OBJECT_CONVERSION = YES_AGGRESSIVE;
				CLANG_CXX_LANGUAGE_STANDARD = "gnu++0x";
				CLANG_CXX_LIBRARY = "libc++";
				CLANG_ENABLE_MODULES = YES;
				CLANG_ENABLE_OBJC_ARC = YES;
				CLANG_WARN_BOOL_CONVERSION = YES;
				CLANG_WARN_CONSTANT_CONVERSION = YES;
				CLANG_WARN_DIRECT_OBJC_ISA_USAGE = YES_ERROR;
				CLANG_WARN_DOCUMENTATION_COMMENTS = YES;
				CLANG_WARN_EMPTY_BODY = YES;
				CLANG_WARN_ENUM_CONVERSION = YES;
				CLANG_WARN_INFINITE_RECURSION = YES;
				CLANG_WARN_INT_CONVERSION = YES;
				CLANG_WARN_OBJC_ROOT_CLASS = YES_ERROR;
				CLANG_WARN_SUSPICIOUS_MOVE = YES;
				CLANG_WARN_UNREACHABLE_CODE = YES;
				CLANG_WARN__DUPLICATE_METHOD_MATCH = YES;
				"CODE_SIGN_IDENTITY[sdk=iphoneos*]" = "iPhone Developer";
				COPY_PHASE_STRIP = NO;
				DEBUG_INFORMATION_FORMAT = "dwarf-with-dsym";
				ENABLE_NS_ASSERTIONS = NO;
				ENABLE_STRICT_OBJC_MSGSEND = YES;
				GCC_C_LANGUAGE_STANDARD = gnu99;
				GCC_NO_COMMON_BLOCKS = YES;
				GCC_WARN_64_TO_32_BIT_CONVERSION = YES;
				GCC_WARN_ABOUT_RETURN_TYPE = YES_ERROR;
				GCC_WARN_UNDECLARED_SELECTOR = YES;
				GCC_WARN_UNINITIALIZED_AUTOS = YES_AGGRESSIVE;
				GCC_WARN_UNUSED_FUNCTION = YES;
				GCC_WARN_UNUSED_VARIABLE = YES;
				IPHONEOS_DEPLOYMENT_TARGET = 10.3;
				MTL_ENABLE_DEBUG_INFO = NO;
				SDKROOT = iphoneos;
				TARGETED_DEVICE_FAMILY = "1,2";
				VALIDATE_PRODUCT = YES;
			};
			name = Release;
		};
		88F2B8D61EF443350002CE61 /* Debug */ = {
			isa = XCBuildConfiguration;
			baseConfigurationReference = 8D3866DDDBC0331ECB8352D5 /* Pods-WikiPro.debug.xcconfig */;
			buildSettings = {
				ASSETCATALOG_COMPILER_APPICON_NAME = AppIcon;
				DEVELOPMENT_TEAM = RS9ZBZ6GCU;
				INFOPLIST_FILE = WikiPro/Info.plist;
				LD_RUNPATH_SEARCH_PATHS = "$(inherited) @executable_path/Frameworks";
				PRODUCT_BUNDLE_IDENTIFIER = com.iqtech.WikiPro;
				PRODUCT_NAME = "$(TARGET_NAME)";
			};
			name = Debug;
		};
		88F2B8D71EF443350002CE61 /* Release */ = {
			isa = XCBuildConfiguration;
			baseConfigurationReference = 94E9DFA3136FAF96F85C0A74 /* Pods-WikiPro.release.xcconfig */;
			buildSettings = {
				ASSETCATALOG_COMPILER_APPICON_NAME = AppIcon;
				DEVELOPMENT_TEAM = RS9ZBZ6GCU;
				INFOPLIST_FILE = WikiPro/Info.plist;
				LD_RUNPATH_SEARCH_PATHS = "$(inherited) @executable_path/Frameworks";
				PRODUCT_BUNDLE_IDENTIFIER = com.iqtech.WikiPro;
				PRODUCT_NAME = "$(TARGET_NAME)";
			};
			name = Release;
		};
		88F2B8D91EF443350002CE61 /* Debug */ = {
			isa = XCBuildConfiguration;
			baseConfigurationReference = 026E8D2A423EA0F0213BEF6B /* Pods-WikiProTests.debug.xcconfig */;
			buildSettings = {
				BUNDLE_LOADER = "$(TEST_HOST)";
				DEVELOPMENT_TEAM = RS9ZBZ6GCU;
				INFOPLIST_FILE = WikiProTests/Info.plist;
				LD_RUNPATH_SEARCH_PATHS = "$(inherited) @executable_path/Frameworks @loader_path/Frameworks";
				PRODUCT_BUNDLE_IDENTIFIER = com.iqtech.WikiProTests;
				PRODUCT_NAME = "$(TARGET_NAME)";
				TEST_HOST = "$(BUILT_PRODUCTS_DIR)/WikiPro.app/WikiPro";
			};
			name = Debug;
		};
		88F2B8DA1EF443350002CE61 /* Release */ = {
			isa = XCBuildConfiguration;
			baseConfigurationReference = EE2BC57A2A314CFF20D1B652 /* Pods-WikiProTests.release.xcconfig */;
			buildSettings = {
				BUNDLE_LOADER = "$(TEST_HOST)";
				DEVELOPMENT_TEAM = RS9ZBZ6GCU;
				INFOPLIST_FILE = WikiProTests/Info.plist;
				LD_RUNPATH_SEARCH_PATHS = "$(inherited) @executable_path/Frameworks @loader_path/Frameworks";
				PRODUCT_BUNDLE_IDENTIFIER = com.iqtech.WikiProTests;
				PRODUCT_NAME = "$(TARGET_NAME)";
				TEST_HOST = "$(BUILT_PRODUCTS_DIR)/WikiPro.app/WikiPro";
			};
			name = Release;
		};
		88F2B8DC1EF443350002CE61 /* Debug */ = {
			isa = XCBuildConfiguration;
			baseConfigurationReference = A53BEC41310626869BDF2A5E /* Pods-WikiProUITests.debug.xcconfig */;
			buildSettings = {
				DEVELOPMENT_TEAM = RS9ZBZ6GCU;
				INFOPLIST_FILE = WikiProUITests/Info.plist;
				LD_RUNPATH_SEARCH_PATHS = "$(inherited) @executable_path/Frameworks @loader_path/Frameworks";
				PRODUCT_BUNDLE_IDENTIFIER = com.iqtech.WikiProUITests;
				PRODUCT_NAME = "$(TARGET_NAME)";
				TEST_TARGET_NAME = WikiPro;
			};
			name = Debug;
		};
		88F2B8DD1EF443350002CE61 /* Release */ = {
			isa = XCBuildConfiguration;
			baseConfigurationReference = B3774920ACF4909C3370F230 /* Pods-WikiProUITests.release.xcconfig */;
			buildSettings = {
				DEVELOPMENT_TEAM = RS9ZBZ6GCU;
				INFOPLIST_FILE = WikiProUITests/Info.plist;
				LD_RUNPATH_SEARCH_PATHS = "$(inherited) @executable_path/Frameworks @loader_path/Frameworks";
				PRODUCT_BUNDLE_IDENTIFIER = com.iqtech.WikiProUITests;
				PRODUCT_NAME = "$(TARGET_NAME)";
				TEST_TARGET_NAME = WikiPro;
			};
			name = Release;
		};
/* End XCBuildConfiguration section */

/* Begin XCConfigurationList section */
		88F2B8A01EF443350002CE61 /* Build configuration list for PBXProject "WikiPro" */ = {
			isa = XCConfigurationList;
			buildConfigurations = (
				88F2B8D31EF443350002CE61 /* Debug */,
				88F2B8D41EF443350002CE61 /* Release */,
			);
			defaultConfigurationIsVisible = 0;
			defaultConfigurationName = Release;
		};
		88F2B8D51EF443350002CE61 /* Build configuration list for PBXNativeTarget "WikiPro" */ = {
			isa = XCConfigurationList;
			buildConfigurations = (
				88F2B8D61EF443350002CE61 /* Debug */,
				88F2B8D71EF443350002CE61 /* Release */,
			);
			defaultConfigurationIsVisible = 0;
			defaultConfigurationName = Release;
		};
		88F2B8D81EF443350002CE61 /* Build configuration list for PBXNativeTarget "WikiProTests" */ = {
			isa = XCConfigurationList;
			buildConfigurations = (
				88F2B8D91EF443350002CE61 /* Debug */,
				88F2B8DA1EF443350002CE61 /* Release */,
			);
			defaultConfigurationIsVisible = 0;
			defaultConfigurationName = Release;
		};
		88F2B8DB1EF443350002CE61 /* Build configuration list for PBXNativeTarget "WikiProUITests" */ = {
			isa = XCConfigurationList;
			buildConfigurations = (
				88F2B8DC1EF443350002CE61 /* Debug */,
				88F2B8DD1EF443350002CE61 /* Release */,
			);
			defaultConfigurationIsVisible = 0;
			defaultConfigurationName = Release;
		};
/* End XCConfigurationList section */
	};
	rootObject = 88F2B89D1EF443350002CE61 /* Project object */;
}
